
Microsoft Visual Studio Solution File, Format Version 12.00
# Visual Studio Version 17
VisualStudioVersion = 17.0.31825.309
MinimumVisualStudioVersion = 10.0.40219.1
Project("{FAE04EC0-301F-11D3-BF4B-00C04F79EFBC}") = "Restrictions", "Restrictions.csproj", "{14C1027E-958C-4B7C-BB8F-EB4C6146F2AD}"
EndProject
Global
	GlobalSection(SolutionConfigurationPlatforms) = preSolution
		Debug|Any CPU = Debug|Any CPU
		Release|Any CPU = Release|Any CPU
	EndGlobalSection
	GlobalSection(ProjectConfigurationPlatforms) = postSolution
		{14C1027E-958C-4B7C-BB8F-EB4C6146F2AD}.Debug|Any CPU.ActiveCfg = Debug|Any CPU
		{14C1027E-958C-4B7C-BB8F-EB4C6146F2AD}.Debug|Any CPU.Build.0 = Debug|Any CPU
		{14C1027E-958C-4B7C-BB8F-EB4C6146F2AD}.Release|Any CPU.ActiveCfg = Release|Any CPU
		{14C1027E-958C-4B7C-BB8F-EB4C6146F2AD}.Release|Any CPU.Build.0 = Release|Any CPU
	EndGlobalSection
	GlobalSection(SolutionProperties) = preSolution
		HideSolutionNode = FALSE
	EndGlobalSection
	GlobalSection(ExtensibilityGlobals) = postSolution
		SolutionGuid = {229A9F3C-5F81-468B-9CB6-CC33B75902AB}
	EndGlobalSection
EndGlobal
